
Microsoft Visual Studio Solution File, Format Version 12.00
# Visual Studio Version 17
VisualStudioVersion = 17.10.35013.160
MinimumVisualStudioVersion = 10.0.40219.1
Project("{9A19103F-16F7-4668-BE54-9A1E7A4F7556}") = "caa.flight.information.api", "caa.flight.information.api\caa.flight.information.api.csproj", "{AD4EB912-9B59-4E0B-851A-75296944EE53}"
EndProject
Project("{FAE04EC0-301F-11D3-BF4B-00C04F79EFBC}") = "caa.flight.information.api.tests", "caa.flight.information.api.tests\caa.flight.information.api.tests.csproj", "{0C1D102A-D8E5-4819-8F22-9D51D6087844}"
EndProject
Global
	GlobalSection(SolutionConfigurationPlatforms) = preSolution
		Debug|Any CPU = Debug|Any CPU
		Release|Any CPU = Release|Any CPU
	EndGlobalSection
	GlobalSection(ProjectConfigurationPlatforms) = postSolution
		{AD4EB912-9B59-4E0B-851A-75296944EE53}.Debug|Any CPU.ActiveCfg = Debug|Any CPU
		{AD4EB912-9B59-4E0B-851A-75296944EE53}.Debug|Any CPU.Build.0 = Debug|Any CPU
		{AD4EB912-9B59-4E0B-851A-75296944EE53}.Release|Any CPU.ActiveCfg = Release|Any CPU
		{AD4EB912-9B59-4E0B-851A-75296944EE53}.Release|Any CPU.Build.0 = Release|Any CPU
		{0C1D102A-D8E5-4819-8F22-9D51D6087844}.Debug|Any CPU.ActiveCfg = Debug|Any CPU
		{0C1D102A-D8E5-4819-8F22-9D51D6087844}.Debug|Any CPU.Build.0 = Debug|Any CPU
		{0C1D102A-D8E5-4819-8F22-9D51D6087844}.Release|Any CPU.ActiveCfg = Release|Any CPU
		{0C1D102A-D8E5-4819-8F22-9D51D6087844}.Release|Any CPU.Build.0 = Release|Any CPU
	EndGlobalSection
	GlobalSection(SolutionProperties) = preSolution
		HideSolutionNode = FALSE
	EndGlobalSection
	GlobalSection(ExtensibilityGlobals) = postSolution
		SolutionGuid = {5BE66A2D-6CD7-43D8-9A0E-74C09618F489}
	EndGlobalSection
EndGlobal
